// !$*UTF8*$!
{
	archiveVersion = 1;
	classes = {
	};
	objectVersion = 46;
	objects = {

/* Begin PBXBuildFile section */
		2C10E22E1E6C17FE00A2EFB9 /* AppDelegate.swift in Sources */ = {isa = PBXBuildFile; fileRef = 2C10E22D1E6C17FE00A2EFB9 /* AppDelegate.swift */; };
		2C10E2301E6C17FE00A2EFB9 /* ViewController.swift in Sources */ = {isa = PBXBuildFile; fileRef = 2C10E22F1E6C17FE00A2EFB9 /* ViewController.swift */; };
		2C10E2331E6C17FE00A2EFB9 /* Main.storyboard in Resources */ = {isa = PBXBuildFile; fileRef = 2C10E2311E6C17FE00A2EFB9 /* Main.storyboard */; };
		2C10E2351E6C17FE00A2EFB9 /* Assets.xcassets in Resources */ = {isa = PBXBuildFile; fileRef = 2C10E2341E6C17FE00A2EFB9 /* Assets.xcassets */; };
		2C10E2381E6C17FE00A2EFB9 /* LaunchScreen.storyboard in Resources */ = {isa = PBXBuildFile; fileRef = 2C10E2361E6C17FE00A2EFB9 /* LaunchScreen.storyboard */; };
		2C10E2401E6C2A1200A2EFB9 /* HistoryGame.swift in Sources */ = {isa = PBXBuildFile; fileRef = 2C10E23F1E6C2A1200A2EFB9 /* HistoryGame.swift */; };
		2CA6845A1E6C359C0035A316 /* EventCollection.plist in Resources */ = {isa = PBXBuildFile; fileRef = 2CA684591E6C359C0035A316 /* EventCollection.plist */; };
		2CB1367E1E6F5397006E4021 /* button-3.wav in Resources */ = {isa = PBXBuildFile; fileRef = 2CB1367D1E6F5397006E4021 /* button-3.wav */; };
		2EE9BFDF1E96BEE500A88105 /* GameFinishedViewController.swift in Sources */ = {isa = PBXBuildFile; fileRef = 2EE9BFDE1E96BEE500A88105 /* GameFinishedViewController.swift */; };
/* End PBXBuildFile section */

/* Begin PBXFileReference section */
		2C10E22A1E6C17FE00A2EFB9 /* BoutTime.app */ = {isa = PBXFileReference; explicitFileType = wrapper.application; includeInIndex = 0; path = BoutTime.app; sourceTree = BUILT_PRODUCTS_DIR; };
		2C10E22D1E6C17FE00A2EFB9 /* AppDelegate.swift */ = {isa = PBXFileReference; lastKnownFileType = sourcecode.swift; path = AppDelegate.swift; sourceTree = "<group>"; };
		2C10E22F1E6C17FE00A2EFB9 /* ViewController.swift */ = {isa = PBXFileReference; lastKnownFileType = sourcecode.swift; path = ViewController.swift; sourceTree = "<group>"; };
		2C10E2321E6C17FE00A2EFB9 /* Base */ = {isa = PBXFileReference; lastKnownFileType = file.storyboard; name = Base; path = Base.lproj/Main.storyboard; sourceTree = "<group>"; };
		2C10E2341E6C17FE00A2EFB9 /* Assets.xcassets */ = {isa = PBXFileReference; lastKnownFileType = folder.assetcatalog; path = Assets.xcassets; sourceTree = "<group>"; };
		2C10E2371E6C17FE00A2EFB9 /* Base */ = {isa = PBXFileReference; lastKnownFileType = file.storyboard; name = Base; path = Base.lproj/LaunchScreen.storyboard; sourceTree = "<group>"; };
		2C10E2391E6C17FE00A2EFB9 /* Info.plist */ = {isa = PBXFileReference; lastKnownFileType = text.plist.xml; path = Info.plist; sourceTree = "<group>"; };
		2C10E23F1E6C2A1200A2EFB9 /* HistoryGame.swift */ = {isa = PBXFileReference; fileEncoding = 4; lastKnownFileType = sourcecode.swift; path = HistoryGame.swift; sourceTree = "<group>"; };
		2CA684591E6C359C0035A316 /* EventCollection.plist */ = {isa = PBXFileReference; fileEncoding = 4; lastKnownFileType = text.plist.xml; name = EventCollection.plist; path = ../EventCollection.plist; sourceTree = "<group>"; };
		2CB1367D1E6F5397006E4021 /* button-3.wav */ = {isa = PBXFileReference; lastKnownFileType = audio.wav; path = "button-3.wav"; sourceTree = "<group>"; };
		2EE9BFDE1E96BEE500A88105 /* GameFinishedViewController.swift */ = {isa = PBXFileReference; fileEncoding = 4; lastKnownFileType = sourcecode.swift; path = GameFinishedViewController.swift; sourceTree = "<group>"; };
/* End PBXFileReference section */

/* Begin PBXFrameworksBuildPhase section */
		2C10E2271E6C17FE00A2EFB9 /* Frameworks */ = {
			isa = PBXFrameworksBuildPhase;
			buildActionMask = 2147483647;
			files = (
			);
			runOnlyForDeploymentPostprocessing = 0;
		};
/* End PBXFrameworksBuildPhase section */

/* Begin PBXGroup section */
		2C10E2211E6C17FE00A2EFB9 = {
			isa = PBXGroup;
			children = (
				2C10E22C1E6C17FE00A2EFB9 /* BoutTime */,
				2C10E22B1E6C17FE00A2EFB9 /* Products */,
			);
			sourceTree = "<group>";
		};
		2C10E22B1E6C17FE00A2EFB9 /* Products */ = {
			isa = PBXGroup;
			children = (
				2C10E22A1E6C17FE00A2EFB9 /* BoutTime.app */,
			);
			name = Products;
			sourceTree = "<group>";
		};
		2C10E22C1E6C17FE00A2EFB9 /* BoutTime */ = {
			isa = PBXGroup;
			children = (
				2C10E22D1E6C17FE00A2EFB9 /* AppDelegate.swift */,
				2C10E22F1E6C17FE00A2EFB9 /* ViewController.swift */,
				2C10E23F1E6C2A1200A2EFB9 /* HistoryGame.swift */,
				2C10E2311E6C17FE00A2EFB9 /* Main.storyboard */,
				2EE9BFDE1E96BEE500A88105 /* GameFinishedViewController.swift */,
				2C10E2341E6C17FE00A2EFB9 /* Assets.xcassets */,
				2C10E2361E6C17FE00A2EFB9 /* LaunchScreen.storyboard */,
				2C10E2391E6C17FE00A2EFB9 /* Info.plist */,
				2CB1367D1E6F5397006E4021 /* button-3.wav */,
				2CA684591E6C359C0035A316 /* EventCollection.plist */,
			);
			path = BoutTime;
			sourceTree = "<group>";
		};
/* End PBXGroup section */

/* Begin PBXNativeTarget section */
		2C10E2291E6C17FE00A2EFB9 /* BoutTime */ = {
			isa = PBXNativeTarget;
			buildConfigurationList = 2C10E23C1E6C17FE00A2EFB9 /* Build configuration list for PBXNativeTarget "BoutTime" */;
			buildPhases = (
				2C10E2261E6C17FE00A2EFB9 /* Sources */,
				2C10E2271E6C17FE00A2EFB9 /* Frameworks */,
				2C10E2281E6C17FE00A2EFB9 /* Resources */,
			);
			buildRules = (
			);
			dependencies = (
			);
			name = BoutTime;
			productName = BoutTime;
			productReference = 2C10E22A1E6C17FE00A2EFB9 /* BoutTime.app */;
			productType = "com.apple.product-type.application";
		};
/* End PBXNativeTarget section */

/* Begin PBXProject section */
		2C10E2221E6C17FE00A2EFB9 /* Project object */ = {
			isa = PBXProject;
			attributes = {
				LastSwiftUpdateCheck = 0820;
				LastUpgradeCheck = 0820;
				ORGANIZATIONNAME = "Marcus Jepsen Klausen";
				TargetAttributes = {
					2C10E2291E6C17FE00A2EFB9 = {
						CreatedOnToolsVersion = 8.2.1;
						DevelopmentTeam = 7R2PT84PCM;
						ProvisioningStyle = Automatic;
					};
				};
			};
			buildConfigurationList = 2C10E2251E6C17FE00A2EFB9 /* Build configuration list for PBXProject "BoutTime" */;
			compatibilityVersion = "Xcode 3.2";
			developmentRegion = English;
			hasScannedForEncodings = 0;
			knownRegions = (
				en,
				Base,
			);
			mainGroup = 2C10E2211E6C17FE00A2EFB9;
			productRefGroup = 2C10E22B1E6C17FE00A2EFB9 /* Products */;
			projectDirPath = "";
			projectRoot = "";
			targets = (
				2C10E2291E6C17FE00A2EFB9 /* BoutTime */,
			);
		};
/* End PBXProject section */

/* Begin PBXResourcesBuildPhase section */
		2C10E2281E6C17FE00A2EFB9 /* Resources */ = {
			isa = PBXResourcesBuildPhase;
			buildActionMask = 2147483647;
			files = (
				2C10E2381E6C17FE00A2EFB9 /* LaunchScreen.storyboard in Resources */,
				2C10E2351E6C17FE00A2EFB9 /* Assets.xcassets in Resources */,
				2C10E2331E6C17FE00A2EFB9 /* Main.storyboard in Resources */,
				2CA6845A1E6C359C0035A316 /* EventCollection.plist in Resources */,
				2CB1367E1E6F5397006E4021 /* button-3.wav in Resources */,
			);
			runOnlyForDeploymentPostprocessing = 0;
		};
/* End PBXResourcesBuildPhase section */

/* Begin PBXSourcesBuildPhase section */
		2C10E2261E6C17FE00A2EFB9 /* Sources */ = {
			isa = PBXSourcesBuildPhase;
			buildActionMask = 2147483647;
			files = (
				2EE9BFDF1E96BEE500A88105 /* GameFinishedViewController.swift in Sources */,
				2C10E2301E6C17FE00A2EFB9 /* ViewController.swift in Sources */,
				2C10E2401E6C2A1200A2EFB9 /* HistoryGame.swift in Sources */,
				2C10E22E1E6C17FE00A2EFB9 /* AppDelegate.swift in Sources */,
			);
			runOnlyForDeploymentPostprocessing = 0;
		};
/* End PBXSourcesBuildPhase section */

/* Begin PBXVariantGroup section */
		2C10E2311E6C17FE00A2EFB9 /* Main.storyboard */ = {
			isa = PBXVariantGroup;
			children = (
				2C10E2321E6C17FE00A2EFB9 /* Base */,
			);
			name = Main.storyboard;
			sourceTree = "<group>";
		};
		2C10E2361E6C17FE00A2EFB9 /* LaunchScreen.storyboard */ = {
			isa = PBXVariantGroup;
			children = (
				2C10E2371E6C17FE00A2EFB9 /* Base */,
			);
			name = LaunchScreen.storyboard;
			sourceTree = "<group>";
		};
/* End PBXVariantGroup section */

/* Begin XCBuildConfiguration section */
		2C10E23A1E6C17FE00A2EFB9 /* Debug */ = {
			isa = XCBuildConfiguration;
			buildSettings = {
				ALWAYS_SEARCH_USER_PATHS = NO;
				CLANG_ANALYZER_NONNULL = YES;
				CLANG_CXX_LANGUAGE_STANDARD = "gnu++0x";
				CLANG_CXX_LIBRARY = "libc++";
				CLANG_ENABLE_MODULES = YES;
				CLANG_ENABLE_OBJC_ARC = YES;
				CLANG_WARN_BOOL_CONVERSION = YES;
				CLANG_WARN_CONSTANT_CONVERSION = YES;
				CLANG_WARN_DIRECT_OBJC_ISA_USAGE = YES_ERROR;
				CLANG_WARN_DOCUMENTATION_COMMENTS = YES;
				CLANG_WARN_EMPTY_BODY = YES;
				CLANG_WARN_ENUM_CONVERSION = YES;
				CLANG_WARN_INFINITE_RECURSION = YES;
				CLANG_WARN_INT_CONVERSION = YES;
				CLANG_WARN_OBJC_ROOT_CLASS = YES_ERROR;
				CLANG_WARN_SUSPICIOUS_MOVE = YES;
				CLANG_WARN_UNREACHABLE_CODE = YES;
				CLANG_WARN__DUPLICATE_METHOD_MATCH = YES;
				"CODE_SIGN_IDENTITY[sdk=iphoneos*]" = "iPhone Developer";
				COPY_PHASE_STRIP = NO;
				DEBUG_INFORMATION_FORMAT = dwarf;
				ENABLE_STRICT_OBJC_MSGSEND = YES;
				ENABLE_TESTABILITY = YES;
				GCC_C_LANGUAGE_STANDARD = gnu99;
				GCC_DYNAMIC_NO_PIC = NO;
				GCC_NO_COMMON_BLOCKS = YES;
				GCC_OPTIMIZATION_LEVEL = 0;
				GCC_PREPROCESSOR_DEFINITIONS = (
					"DEBUG=1",
					"$(inherited)",
				);
				GCC_WARN_64_TO_32_BIT_CONVERSION = YES;
				GCC_WARN_ABOUT_RETURN_TYPE = YES_ERROR;
				GCC_WARN_UNDECLARED_SELECTOR = YES;
				GCC_WARN_UNINITIALIZED_AUTOS = YES_AGGRESSIVE;
				GCC_WARN_UNUSED_FUNCTION = YES;
				GCC_WARN_UNUSED_VARIABLE = YES;
				IPHONEOS_DEPLOYMENT_TARGET = 10.2;
				MTL_ENABLE_DEBUG_INFO = YES;
				ONLY_ACTIVE_ARCH = YES;
				SDKROOT = iphoneos;
				SWIFT_ACTIVE_COMPILATION_CONDITIONS = DEBUG;
				SWIFT_OPTIMIZATION_LEVEL = "-Onone";
			};
			name = Debug;
		};
		2C10E23B1E6C17FE00A2EFB9 /* Release */ = {
			isa = XCBuildConfiguration;
			buildSettings = {
				ALWAYS_SEARCH_USER_PATHS = NO;
				CLANG_ANALYZER_NONNULL = YES;
				CLANG_CXX_LANGUAGE_STANDARD = "gnu++0x";
				CLANG_CXX_LIBRARY = "libc++";
				CLANG_ENABLE_MODULES = YES;
				CLANG_ENABLE_OBJC_ARC = YES;
				CLANG_WARN_BOOL_CONVERSION = YES;
				CLANG_WARN_CONSTANT_CONVERSION = YES;
				CLANG_WARN_DIRECT_OBJC_ISA_USAGE = YES_ERROR;
				CLANG_WARN_DOCUMENTATION_COMMENTS = YES;
				CLANG_WARN_EMPTY_BODY = YES;
				CLANG_WARN_ENUM_CONVERSION = YES;
				CLANG_WARN_INFINITE_RECURSION = YES;
				CLANG_WARN_INT_CONVERSION = YES;
				CLANG_WARN_OBJC_ROOT_CLASS = YES_ERROR;
				CLANG_WARN_SUSPICIOUS_MOVE = YES;
				CLANG_WARN_UNREACHABLE_CODE = YES;
				CLANG_WARN__DUPLICATE_METHOD_MATCH = YES;
				"CODE_SIGN_IDENTITY[sdk=iphoneos*]" = "iPhone Developer";
				COPY_PHASE_STRIP = NO;
				DEBUG_INFORMATION_FORMAT = "dwarf-with-dsym";
				ENABLE_NS_ASSERTIONS = NO;
				ENABLE_STRICT_OBJC_MSGSEND = YES;
				GCC_C_LANGUAGE_STANDARD = gnu99;
				GCC_NO_COMMON_BLOCKS = YES;
				GCC_WARN_64_TO_32_BIT_CONVERSION = YES;
				GCC_WARN_ABOUT_RETURN_TYPE = YES_ERROR;
				GCC_WARN_UNDECLARED_SELECTOR = YES;
				GCC_WARN_UNINITIALIZED_AUTOS = YES_AGGRESSIVE;
				GCC_WARN_UNUSED_FUNCTION = YES;
				GCC_WARN_UNUSED_VARIABLE = YES;
				IPHONEOS_DEPLOYMENT_TARGET = 10.2;
				MTL_ENABLE_DEBUG_INFO = NO;
				SDKROOT = iphoneos;
				SWIFT_OPTIMIZATION_LEVEL = "-Owholemodule";
				VALIDATE_PRODUCT = YES;
			};
			name = Release;
		};
		2C10E23D1E6C17FE00A2EFB9 /* Debug */ = {
			isa = XCBuildConfiguration;
			buildSettings = {
				ASSETCATALOG_COMPILER_APPICON_NAME = AppIcon;
				DEVELOPMENT_TEAM = 7R2PT84PCM;
				INFOPLIST_FILE = BoutTime/Info.plist;
				LD_RUNPATH_SEARCH_PATHS = "$(inherited) @executable_path/Frameworks";
				PRODUCT_BUNDLE_IDENTIFIER = dk.marcusklausen.BoutTime;
				PRODUCT_NAME = "$(TARGET_NAME)";
				SWIFT_VERSION = 3.0;
			};
			name = Debug;
		};
		2C10E23E1E6C17FE00A2EFB9 /* Release */ = {
			isa = XCBuildConfiguration;
			buildSettings = {
				ASSETCATALOG_COMPILER_APPICON_NAME = AppIcon;
				DEVELOPMENT_TEAM = 7R2PT84PCM;
				INFOPLIST_FILE = BoutTime/Info.plist;
				LD_RUNPATH_SEARCH_PATHS = "$(inherited) @executable_path/Frameworks";
				PRODUCT_BUNDLE_IDENTIFIER = dk.marcusklausen.BoutTime;
				PRODUCT_NAME = "$(TARGET_NAME)";
				SWIFT_VERSION = 3.0;
			};
			name = Release;
		};
/* End XCBuildConfiguration section */

/* Begin XCConfigurationList section */
		2C10E2251E6C17FE00A2EFB9 /* Build configuration list for PBXProject "BoutTime" */ = {
			isa = XCConfigurationList;
			buildConfigurations = (
				2C10E23A1E6C17FE00A2EFB9 /* Debug */,
				2C10E23B1E6C17FE00A2EFB9 /* Release */,
			);
			defaultConfigurationIsVisible = 0;
			defaultConfigurationName = Release;
		};
		2C10E23C1E6C17FE00A2EFB9 /* Build configuration list for PBXNativeTarget "BoutTime" */ = {
			isa = XCConfigurationList;
			buildConfigurations = (
				2C10E23D1E6C17FE00A2EFB9 /* Debug */,
				2C10E23E1E6C17FE00A2EFB9 /* Release */,
			);
			defaultConfigurationIsVisible = 0;
			defaultConfigurationName = Release;
		};
/* End XCConfigurationList section */
	};
	rootObject = 2C10E2221E6C17FE00A2EFB9 /* Project object */;
}
